// !$*UTF8*$!
{
	archiveVersion = 1;
	classes = {
	};
	objectVersion = 46;
	objects = {

/* Begin PBXBuildFile section */
		83F656001B26D25300BD7DDA /* AppDelegate.swift in Sources */ = {isa = PBXBuildFile; fileRef = 83F655FF1B26D25300BD7DDA /* AppDelegate.swift */; };
		83F656031B26D25300BD7DDA /* CoreDatasss.xcdatamodeld in Sources */ = {isa = PBXBuildFile; fileRef = 83F656011B26D25300BD7DDA /* CoreDatasss.xcdatamodeld */; };
		83F656051B26D25300BD7DDA /* ViewController.swift in Sources */ = {isa = PBXBuildFile; fileRef = 83F656041B26D25300BD7DDA /* ViewController.swift */; };
		83F656081B26D25300BD7DDA /* Main.storyboard in Resources */ = {isa = PBXBuildFile; fileRef = 83F656061B26D25300BD7DDA /* Main.storyboard */; };
		83F6560A1B26D25300BD7DDA /* Images.xcassets in Resources */ = {isa = PBXBuildFile; fileRef = 83F656091B26D25300BD7DDA /* Images.xcassets */; };
		83F6560D1B26D25300BD7DDA /* LaunchScreen.xib in Resources */ = {isa = PBXBuildFile; fileRef = 83F6560B1B26D25300BD7DDA /* LaunchScreen.xib */; };
		83F656191B26D25300BD7DDA /* CoreDatasssTests.swift in Sources */ = {isa = PBXBuildFile; fileRef = 83F656181B26D25300BD7DDA /* CoreDatasssTests.swift */; };
/* End PBXBuildFile section */

/* Begin PBXContainerItemProxy section */
		83F656131B26D25300BD7DDA /* PBXContainerItemProxy */ = {
			isa = PBXContainerItemProxy;
			containerPortal = 83F655F21B26D25200BD7DDA /* Project object */;
			proxyType = 1;
			remoteGlobalIDString = 83F655F91B26D25300BD7DDA;
			remoteInfo = CoreDatasss;
		};
/* End PBXContainerItemProxy section */

/* Begin PBXFileReference section */
		83F655FA1B26D25300BD7DDA /* CoreDatasss.app */ = {isa = PBXFileReference; explicitFileType = wrapper.application; includeInIndex = 0; path = CoreDatasss.app; sourceTree = BUILT_PRODUCTS_DIR; };
		83F655FE1B26D25300BD7DDA /* Info.plist */ = {isa = PBXFileReference; lastKnownFileType = text.plist.xml; path = Info.plist; sourceTree = "<group>"; };
		83F655FF1B26D25300BD7DDA /* AppDelegate.swift */ = {isa = PBXFileReference; lastKnownFileType = sourcecode.swift; path = AppDelegate.swift; sourceTree = "<group>"; };
		83F656021B26D25300BD7DDA /* CoreDatasss.xcdatamodel */ = {isa = PBXFileReference; lastKnownFileType = wrapper.xcdatamodel; path = CoreDatasss.xcdatamodel; sourceTree = "<group>"; };
		83F656041B26D25300BD7DDA /* ViewController.swift */ = {isa = PBXFileReference; lastKnownFileType = sourcecode.swift; path = ViewController.swift; sourceTree = "<group>"; };
		83F656071B26D25300BD7DDA /* Base */ = {isa = PBXFileReference; lastKnownFileType = file.storyboard; name = Base; path = Base.lproj/Main.storyboard; sourceTree = "<group>"; };
		83F656091B26D25300BD7DDA /* Images.xcassets */ = {isa = PBXFileReference; lastKnownFileType = folder.assetcatalog; path = Images.xcassets; sourceTree = "<group>"; };
		83F6560C1B26D25300BD7DDA /* Base */ = {isa = PBXFileReference; lastKnownFileType = file.xib; name = Base; path = Base.lproj/LaunchScreen.xib; sourceTree = "<group>"; };
		83F656121B26D25300BD7DDA /* CoreDatasssTests.xctest */ = {isa = PBXFileReference; explicitFileType = wrapper.cfbundle; includeInIndex = 0; path = CoreDatasssTests.xctest; sourceTree = BUILT_PRODUCTS_DIR; };
		83F656171B26D25300BD7DDA /* Info.plist */ = {isa = PBXFileReference; lastKnownFileType = text.plist.xml; path = Info.plist; sourceTree = "<group>"; };
		83F656181B26D25300BD7DDA /* CoreDatasssTests.swift */ = {isa = PBXFileReference; lastKnownFileType = sourcecode.swift; path = CoreDatasssTests.swift; sourceTree = "<group>"; };
/* End PBXFileReference section */

/* Begin PBXFrameworksBuildPhase section */
		83F655F71B26D25300BD7DDA /* Frameworks */ = {
			isa = PBXFrameworksBuildPhase;
			buildActionMask = 2147483647;
			files = (
			);
			runOnlyForDeploymentPostprocessing = 0;
		};
		83F6560F1B26D25300BD7DDA /* Frameworks */ = {
			isa = PBXFrameworksBuildPhase;
			buildActionMask = 2147483647;
			files = (
			);
			runOnlyForDeploymentPostprocessing = 0;
		};
/* End PBXFrameworksBuildPhase section */

/* Begin PBXGroup section */
		83F655F11B26D25200BD7DDA = {
			isa = PBXGroup;
			children = (
				83F655FC1B26D25300BD7DDA /* CoreDatasss */,
				83F656151B26D25300BD7DDA /* CoreDatasssTests */,
				83F655FB1B26D25300BD7DDA /* Products */,
			);
			sourceTree = "<group>";
		};
		83F655FB1B26D25300BD7DDA /* Products */ = {
			isa = PBXGroup;
			children = (
				83F655FA1B26D25300BD7DDA /* CoreDatasss.app */,
				83F656121B26D25300BD7DDA /* CoreDatasssTests.xctest */,
			);
			name = Products;
			sourceTree = "<group>";
		};
		83F655FC1B26D25300BD7DDA /* CoreDatasss */ = {
			isa = PBXGroup;
			children = (
				83F655FF1B26D25300BD7DDA /* AppDelegate.swift */,
				83F656041B26D25300BD7DDA /* ViewController.swift */,
				83F656061B26D25300BD7DDA /* Main.storyboard */,
				83F656091B26D25300BD7DDA /* Images.xcassets */,
				83F6560B1B26D25300BD7DDA /* LaunchScreen.xib */,
				83F656011B26D25300BD7DDA /* CoreDatasss.xcdatamodeld */,
				83F655FD1B26D25300BD7DDA /* Supporting Files */,
			);
			path = CoreDatasss;
			sourceTree = "<group>";
		};
		83F655FD1B26D25300BD7DDA /* Supporting Files */ = {
			isa = PBXGroup;
			children = (
				83F655FE1B26D25300BD7DDA /* Info.plist */,
			);
			name = "Supporting Files";
			sourceTree = "<group>";
		};
		83F656151B26D25300BD7DDA /* CoreDatasssTests */ = {
			isa = PBXGroup;
			children = (
				83F656181B26D25300BD7DDA /* CoreDatasssTests.swift */,
				83F656161B26D25300BD7DDA /* Supporting Files */,
			);
			path = CoreDatasssTests;
			sourceTree = "<group>";
		};
		83F656161B26D25300BD7DDA /* Supporting Files */ = {
			isa = PBXGroup;
			children = (
				83F656171B26D25300BD7DDA /* Info.plist */,
			);
			name = "Supporting Files";
			sourceTree = "<group>";
		};
/* End PBXGroup section */

/* Begin PBXNativeTarget section */
		83F655F91B26D25300BD7DDA /* CoreDatasss */ = {
			isa = PBXNativeTarget;
			buildConfigurationList = 83F6561C1B26D25300BD7DDA /* Build configuration list for PBXNativeTarget "CoreDatasss" */;
			buildPhases = (
				83F655F61B26D25300BD7DDA /* Sources */,
				83F655F71B26D25300BD7DDA /* Frameworks */,
				83F655F81B26D25300BD7DDA /* Resources */,
			);
			buildRules = (
			);
			dependencies = (
			);
			name = CoreDatasss;
			productName = CoreDatasss;
			productReference = 83F655FA1B26D25300BD7DDA /* CoreDatasss.app */;
			productType = "com.apple.product-type.application";
		};
		83F656111B26D25300BD7DDA /* CoreDatasssTests */ = {
			isa = PBXNativeTarget;
			buildConfigurationList = 83F6561F1B26D25300BD7DDA /* Build configuration list for PBXNativeTarget "CoreDatasssTests" */;
			buildPhases = (
				83F6560E1B26D25300BD7DDA /* Sources */,
				83F6560F1B26D25300BD7DDA /* Frameworks */,
				83F656101B26D25300BD7DDA /* Resources */,
			);
			buildRules = (
			);
			dependencies = (
				83F656141B26D25300BD7DDA /* PBXTargetDependency */,
			);
			name = CoreDatasssTests;
			productName = CoreDatasssTests;
			productReference = 83F656121B26D25300BD7DDA /* CoreDatasssTests.xctest */;
			productType = "com.apple.product-type.bundle.unit-test";
		};
/* End PBXNativeTarget section */

/* Begin PBXProject section */
		83F655F21B26D25200BD7DDA /* Project object */ = {
			isa = PBXProject;
			attributes = {
				LastUpgradeCheck = 0630;
				ORGANIZATIONNAME = pfl;
				TargetAttributes = {
					83F655F91B26D25300BD7DDA = {
						CreatedOnToolsVersion = 6.3.1;
					};
					83F656111B26D25300BD7DDA = {
						CreatedOnToolsVersion = 6.3.1;
						TestTargetID = 83F655F91B26D25300BD7DDA;
					};
				};
			};
			buildConfigurationList = 83F655F51B26D25200BD7DDA /* Build configuration list for PBXProject "CoreDatasss" */;
			compatibilityVersion = "Xcode 3.2";
			developmentRegion = English;
			hasScannedForEncodings = 0;
			knownRegions = (
				en,
				Base,
			);
			mainGroup = 83F655F11B26D25200BD7DDA;
			productRefGroup = 83F655FB1B26D25300BD7DDA /* Products */;
			projectDirPath = "";
			projectRoot = "";
			targets = (
				83F655F91B26D25300BD7DDA /* CoreDatasss */,
				83F656111B26D25300BD7DDA /* CoreDatasssTests */,
			);
		};
/* End PBXProject section */

/* Begin PBXResourcesBuildPhase section */
		83F655F81B26D25300BD7DDA /* Resources */ = {
			isa = PBXResourcesBuildPhase;
			buildActionMask = 2147483647;
			files = (
				83F656081B26D25300BD7DDA /* Main.storyboard in Resources */,
				83F6560D1B26D25300BD7DDA /* LaunchScreen.xib in Resources */,
				83F6560A1B26D25300BD7DDA /* Images.xcassets in Resources */,
			);
			runOnlyForDeploymentPostprocessing = 0;
		};
		83F656101B26D25300BD7DDA /* Resources */ = {
			isa = PBXResourcesBuildPhase;
			buildActionMask = 2147483647;
			files = (
			);
			runOnlyForDeploymentPostprocessing = 0;
		};
/* End PBXResourcesBuildPhase section */

/* Begin PBXSourcesBuildPhase section */
		83F655F61B26D25300BD7DDA /* Sources */ = {
			isa = PBXSourcesBuildPhase;
			buildActionMask = 2147483647;
			files = (
				83F656051B26D25300BD7DDA /* ViewController.swift in Sources */,
				83F656031B26D25300BD7DDA /* CoreDatasss.xcdatamodeld in Sources */,
				83F656001B26D25300BD7DDA /* AppDelegate.swift in Sources */,
			);
			runOnlyForDeploymentPostprocessing = 0;
		};
		83F6560E1B26D25300BD7DDA /* Sources */ = {
			isa = PBXSourcesBuildPhase;
			buildActionMask = 2147483647;
			files = (
				83F656191B26D25300BD7DDA /* CoreDatasssTests.swift in Sources */,
			);
			runOnlyForDeploymentPostprocessing = 0;
		};
/* End PBXSourcesBuildPhase section */

/* Begin PBXTargetDependency section */
		83F656141B26D25300BD7DDA /* PBXTargetDependency */ = {
			isa = PBXTargetDependency;
			target = 83F655F91B26D25300BD7DDA /* CoreDatasss */;
			targetProxy = 83F656131B26D25300BD7DDA /* PBXContainerItemProxy */;
		};
/* End PBXTargetDependency section */

/* Begin PBXVariantGroup section */
		83F656061B26D25300BD7DDA /* Main.storyboard */ = {
			isa = PBXVariantGroup;
			children = (
				83F656071B26D25300BD7DDA /* Base */,
			);
			name = Main.storyboard;
			sourceTree = "<group>";
		};
		83F6560B1B26D25300BD7DDA /* LaunchScreen.xib */ = {
			isa = PBXVariantGroup;
			children = (
				83F6560C1B26D25300BD7DDA /* Base */,
			);
			name = LaunchScreen.xib;
			sourceTree = "<group>";
		};
/* End PBXVariantGroup section */

/* Begin XCBuildConfiguration section */
		83F6561A1B26D25300BD7DDA /* Debug */ = {
			isa = XCBuildConfiguration;
			buildSettings = {
				ALWAYS_SEARCH_USER_PATHS = NO;
				CLANG_CXX_LANGUAGE_STANDARD = "gnu++0x";
				CLANG_CXX_LIBRARY = "libc++";
				CLANG_ENABLE_MODULES = YES;
				CLANG_ENABLE_OBJC_ARC = YES;
				CLANG_WARN_BOOL_CONVERSION = YES;
				CLANG_WARN_CONSTANT_CONVERSION = YES;
				CLANG_WARN_DIRECT_OBJC_ISA_USAGE = YES_ERROR;
				CLANG_WARN_EMPTY_BODY = YES;
				CLANG_WARN_ENUM_CONVERSION = YES;
				CLANG_WARN_INT_CONVERSION = YES;
				CLANG_WARN_OBJC_ROOT_CLASS = YES_ERROR;
				CLANG_WARN_UNREACHABLE_CODE = YES;
				CLANG_WARN__DUPLICATE_METHOD_MATCH = YES;
				"CODE_SIGN_IDENTITY[sdk=iphoneos*]" = "iPhone Developer";
				COPY_PHASE_STRIP = NO;
				DEBUG_INFORMATION_FORMAT = "dwarf-with-dsym";
				ENABLE_STRICT_OBJC_MSGSEND = YES;
				GCC_C_LANGUAGE_STANDARD = gnu99;
				GCC_DYNAMIC_NO_PIC = NO;
				GCC_NO_COMMON_BLOCKS = YES;
				GCC_OPTIMIZATION_LEVEL = 0;
				GCC_PREPROCESSOR_DEFINITIONS = (
					"DEBUG=1",
					"$(inherited)",
				);
				GCC_SYMBOLS_PRIVATE_EXTERN = NO;
				GCC_WARN_64_TO_32_BIT_CONVERSION = YES;
				GCC_WARN_ABOUT_RETURN_TYPE = YES_ERROR;
				GCC_WARN_UNDECLARED_SELECTOR = YES;
				GCC_WARN_UNINITIALIZED_AUTOS = YES_AGGRESSIVE;
				GCC_WARN_UNUSED_FUNCTION = YES;
				GCC_WARN_UNUSED_VARIABLE = YES;
				IPHONEOS_DEPLOYMENT_TARGET = 8.3;
				MTL_ENABLE_DEBUG_INFO = YES;
				ONLY_ACTIVE_ARCH = YES;
				SDKROOT = iphoneos;
				SWIFT_OPTIMIZATION_LEVEL = "-Onone";
			};
			name = Debug;
		};
		83F6561B1B26D25300BD7DDA /* Release */ = {
			isa = XCBuildConfiguration;
			buildSettings = {
				ALWAYS_SEARCH_USER_PATHS = NO;
				CLANG_CXX_LANGUAGE_STANDARD = "gnu++0x";
				CLANG_CXX_LIBRARY = "libc++";
				CLANG_ENABLE_MODULES = YES;
				CLANG_ENABLE_OBJC_ARC = YES;
				CLANG_WARN_BOOL_CONVERSION = YES;
				CLANG_WARN_CONSTANT_CONVERSION = YES;
				CLANG_WARN_DIRECT_OBJC_ISA_USAGE = YES_ERROR;
				CLANG_WARN_EMPTY_BODY = YES;
				CLANG_WARN_ENUM_CONVERSION = YES;
				CLANG_WARN_INT_CONVERSION = YES;
				CLANG_WARN_OBJC_ROOT_CLASS = YES_ERROR;
				CLANG_WARN_UNREACHABLE_CODE = YES;
				CLANG_WARN__DUPLICATE_METHOD_MATCH = YES;
				"CODE_SIGN_IDENTITY[sdk=iphoneos*]" = "iPhone Developer";
				COPY_PHASE_STRIP = NO;
				DEBUG_INFORMATION_FORMAT = "dwarf-with-dsym";
				ENABLE_NS_ASSERTIONS = NO;
				ENABLE_STRICT_OBJC_MSGSEND = YES;
				GCC_C_LANGUAGE_STANDARD = gnu99;
				GCC_NO_COMMON_BLOCKS = YES;
				GCC_WARN_64_TO_32_BIT_CONVERSION = YES;
				GCC_WARN_ABOUT_RETURN_TYPE = YES_ERROR;
				GCC_WARN_UNDECLARED_SELECTOR = YES;
				GCC_WARN_UNINITIALIZED_AUTOS = YES_AGGRESSIVE;
				GCC_WARN_UNUSED_FUNCTION = YES;
				GCC_WARN_UNUSED_VARIABLE = YES;
				IPHONEOS_DEPLOYMENT_TARGET = 8.3;
				MTL_ENABLE_DEBUG_INFO = NO;
				SDKROOT = iphoneos;
				VALIDATE_PRODUCT = YES;
			};
			name = Release;
		};
		83F6561D1B26D25300BD7DDA /* Debug */ = {
			isa = XCBuildConfiguration;
			buildSettings = {
				ASSETCATALOG_COMPILER_APPICON_NAME = AppIcon;
				INFOPLIST_FILE = CoreDatasss/Info.plist;
				LD_RUNPATH_SEARCH_PATHS = "$(inherited) @executable_path/Frameworks";
				PRODUCT_NAME = "$(TARGET_NAME)";
			};
			name = Debug;
		};
		83F6561E1B26D25300BD7DDA /* Release */ = {
			isa = XCBuildConfiguration;
			buildSettings = {
				ASSETCATALOG_COMPILER_APPICON_NAME = AppIcon;
				INFOPLIST_FILE = CoreDatasss/Info.plist;
				LD_RUNPATH_SEARCH_PATHS = "$(inherited) @executable_path/Frameworks";
				PRODUCT_NAME = "$(TARGET_NAME)";
			};
			name = Release;
		};
		83F656201B26D25300BD7DDA /* Debug */ = {
			isa = XCBuildConfiguration;
			buildSettings = {
				BUNDLE_LOADER = "$(TEST_HOST)";
				FRAMEWORK_SEARCH_PATHS = (
					"$(SDKROOT)/Developer/Library/Frameworks",
					"$(inherited)",
				);
				GCC_PREPROCESSOR_DEFINITIONS = (
					"DEBUG=1",
					"$(inherited)",
				);
				INFOPLIST_FILE = CoreDatasssTests/Info.plist;
				LD_RUNPATH_SEARCH_PATHS = "$(inherited) @executable_path/Frameworks @loader_path/Frameworks";
				PRODUCT_NAME = "$(TARGET_NAME)";
				TEST_HOST = "$(BUILT_PRODUCTS_DIR)/CoreDatasss.app/CoreDatasss";
			};
			name = Debug;
		};
		83F656211B26D25300BD7DDA /* Release */ = {
			isa = XCBuildConfiguration;
			buildSettings = {
				BUNDLE_LOADER = "$(TEST_HOST)";
				FRAMEWORK_SEARCH_PATHS = (
					"$(SDKROOT)/Developer/Library/Frameworks",
					"$(inherited)",
				);
				INFOPLIST_FILE = CoreDatasssTests/Info.plist;
				LD_RUNPATH_SEARCH_PATHS = "$(inherited) @executable_path/Frameworks @loader_path/Frameworks";
				PRODUCT_NAME = "$(TARGET_NAME)";
				TEST_HOST = "$(BUILT_PRODUCTS_DIR)/CoreDatasss.app/CoreDatasss";
			};
			name = Release;
		};
/* End XCBuildConfiguration section */

/* Begin XCConfigurationList section */
		83F655F51B26D25200BD7DDA /* Build configuration list for PBXProject "CoreDatasss" */ = {
			isa = XCConfigurationList;
			buildConfigurations = (
				83F6561A1B26D25300BD7DDA /* Debug */,
				83F6561B1B26D25300BD7DDA /* Release */,
			);
			defaultConfigurationIsVisible = 0;
			defaultConfigurationName = Release;
		};
		83F6561C1B26D25300BD7DDA /* Build configuration list for PBXNativeTarget "CoreDatasss" */ = {
			isa = XCConfigurationList;
			buildConfigurations = (
				83F6561D1B26D25300BD7DDA /* Debug */,
				83F6561E1B26D25300BD7DDA /* Release */,
			);
			defaultConfigurationIsVisible = 0;
		};
		83F6561F1B26D25300BD7DDA /* Build configuration list for PBXNativeTarget "CoreDatasssTests" */ = {
			isa = XCConfigurationList;
			buildConfigurations = (
				83F656201B26D25300BD7DDA /* Debug */,
				83F656211B26D25300BD7DDA /* Release */,
			);
			defaultConfigurationIsVisible = 0;
		};
/* End XCConfigurationList section */

/* Begin XCVersionGroup section */
		83F656011B26D25300BD7DDA /* CoreDatasss.xcdatamodeld */ = {
			isa = XCVersionGroup;
			children = (
				83F656021B26D25300BD7DDA /* CoreDatasss.xcdatamodel */,
			);
			currentVersion = 83F656021B26D25300BD7DDA /* CoreDatasss.xcdatamodel */;
			path = CoreDatasss.xcdatamodeld;
			sourceTree = "<group>";
			versionGroupType = wrapper.xcdatamodel;
		};
/* End XCVersionGroup section */
	};
	rootObject = 83F655F21B26D25200BD7DDA /* Project object */;
}
