// !$*UTF8*$!
{
	archiveVersion = 1;
	classes = {
	};
	objectVersion = 46;
	objects = {

/* Begin PBXBuildFile section */
		830B06391B54DC1E00A9AFAD /* main.m in Sources */ = {isa = PBXBuildFile; fileRef = 830B06381B54DC1E00A9AFAD /* main.m */; };
		830B063C1B54DC1E00A9AFAD /* AppDelegate.m in Sources */ = {isa = PBXBuildFile; fileRef = 830B063B1B54DC1E00A9AFAD /* AppDelegate.m */; };
		830B063F1B54DC1E00A9AFAD /* ViewController.m in Sources */ = {isa = PBXBuildFile; fileRef = 830B063E1B54DC1E00A9AFAD /* ViewController.m */; };
		830B06421B54DC1E00A9AFAD /* Main.storyboard in Resources */ = {isa = PBXBuildFile; fileRef = 830B06401B54DC1E00A9AFAD /* Main.storyboard */; };
		830B06441B54DC1E00A9AFAD /* Images.xcassets in Resources */ = {isa = PBXBuildFile; fileRef = 830B06431B54DC1E00A9AFAD /* Images.xcassets */; };
		830B06471B54DC1E00A9AFAD /* LaunchScreen.xib in Resources */ = {isa = PBXBuildFile; fileRef = 830B06451B54DC1E00A9AFAD /* LaunchScreen.xib */; };
		830B06531B54DC1E00A9AFAD /* AccessModelTests.m in Sources */ = {isa = PBXBuildFile; fileRef = 830B06521B54DC1E00A9AFAD /* AccessModelTests.m */; };
		830C25E81B55ED7000957653 /* SystemConfiguration.framework in Frameworks */ = {isa = PBXBuildFile; fileRef = 830C25E71B55ED7000957653 /* SystemConfiguration.framework */; };
		830C25EA1B55ED7C00957653 /* libz.dylib in Frameworks */ = {isa = PBXBuildFile; fileRef = 830C25E91B55ED7C00957653 /* libz.dylib */; };
		830C25EC1B55ED8E00957653 /* libsqlite3.0.dylib in Frameworks */ = {isa = PBXBuildFile; fileRef = 830C25EB1B55ED8E00957653 /* libsqlite3.0.dylib */; };
		830C25F51B55F09500957653 /* libc++.dylib in Frameworks */ = {isa = PBXBuildFile; fileRef = 830C25E51B55EC5D00957653 /* libc++.dylib */; };
		83F298D81B55F95000E1FDD4 /* libWeChatSDK.a in Frameworks */ = {isa = PBXBuildFile; fileRef = 83F298D51B55F95000E1FDD4 /* libWeChatSDK.a */; };
/* End PBXBuildFile section */

/* Begin PBXContainerItemProxy section */
		830B064D1B54DC1E00A9AFAD /* PBXContainerItemProxy */ = {
			isa = PBXContainerItemProxy;
			containerPortal = 830B062B1B54DC1E00A9AFAD /* Project object */;
			proxyType = 1;
			remoteGlobalIDString = 830B06321B54DC1E00A9AFAD;
			remoteInfo = AccessModel;
		};
/* End PBXContainerItemProxy section */

/* Begin PBXFileReference section */
		830B06331B54DC1E00A9AFAD /* AccessModel.app */ = {isa = PBXFileReference; explicitFileType = wrapper.application; includeInIndex = 0; path = AccessModel.app; sourceTree = BUILT_PRODUCTS_DIR; };
		830B06371B54DC1E00A9AFAD /* Info.plist */ = {isa = PBXFileReference; lastKnownFileType = text.plist.xml; path = Info.plist; sourceTree = "<group>"; };
		830B06381B54DC1E00A9AFAD /* main.m */ = {isa = PBXFileReference; lastKnownFileType = sourcecode.c.objc; path = main.m; sourceTree = "<group>"; };
		830B063A1B54DC1E00A9AFAD /* AppDelegate.h */ = {isa = PBXFileReference; lastKnownFileType = sourcecode.c.h; path = AppDelegate.h; sourceTree = "<group>"; };
		830B063B1B54DC1E00A9AFAD /* AppDelegate.m */ = {isa = PBXFileReference; lastKnownFileType = sourcecode.c.objc; path = AppDelegate.m; sourceTree = "<group>"; };
		830B063D1B54DC1E00A9AFAD /* ViewController.h */ = {isa = PBXFileReference; lastKnownFileType = sourcecode.c.h; path = ViewController.h; sourceTree = "<group>"; };
		830B063E1B54DC1E00A9AFAD /* ViewController.m */ = {isa = PBXFileReference; lastKnownFileType = sourcecode.c.objc; path = ViewController.m; sourceTree = "<group>"; };
		830B06411B54DC1E00A9AFAD /* Base */ = {isa = PBXFileReference; lastKnownFileType = file.storyboard; name = Base; path = Base.lproj/Main.storyboard; sourceTree = "<group>"; };
		830B06431B54DC1E00A9AFAD /* Images.xcassets */ = {isa = PBXFileReference; lastKnownFileType = folder.assetcatalog; path = Images.xcassets; sourceTree = "<group>"; };
		830B06461B54DC1E00A9AFAD /* Base */ = {isa = PBXFileReference; lastKnownFileType = file.xib; name = Base; path = Base.lproj/LaunchScreen.xib; sourceTree = "<group>"; };
		830B064C1B54DC1E00A9AFAD /* AccessModelTests.xctest */ = {isa = PBXFileReference; explicitFileType = wrapper.cfbundle; includeInIndex = 0; path = AccessModelTests.xctest; sourceTree = BUILT_PRODUCTS_DIR; };
		830B06511B54DC1E00A9AFAD /* Info.plist */ = {isa = PBXFileReference; lastKnownFileType = text.plist.xml; path = Info.plist; sourceTree = "<group>"; };
		830B06521B54DC1E00A9AFAD /* AccessModelTests.m */ = {isa = PBXFileReference; lastKnownFileType = sourcecode.c.objc; path = AccessModelTests.m; sourceTree = "<group>"; };
		830C25E51B55EC5D00957653 /* libc++.dylib */ = {isa = PBXFileReference; lastKnownFileType = "compiled.mach-o.dylib"; name = "libc++.dylib"; path = "usr/lib/libc++.dylib"; sourceTree = SDKROOT; };
		830C25E71B55ED7000957653 /* SystemConfiguration.framework */ = {isa = PBXFileReference; lastKnownFileType = wrapper.framework; name = SystemConfiguration.framework; path = System/Library/Frameworks/SystemConfiguration.framework; sourceTree = SDKROOT; };
		830C25E91B55ED7C00957653 /* libz.dylib */ = {isa = PBXFileReference; lastKnownFileType = "compiled.mach-o.dylib"; name = libz.dylib; path = usr/lib/libz.dylib; sourceTree = SDKROOT; };
		830C25EB1B55ED8E00957653 /* libsqlite3.0.dylib */ = {isa = PBXFileReference; lastKnownFileType = "compiled.mach-o.dylib"; name = libsqlite3.0.dylib; path = usr/lib/libsqlite3.0.dylib; sourceTree = SDKROOT; };
		830C25ED1B55EE6B00957653 /* Foundation.framework */ = {isa = PBXFileReference; lastKnownFileType = wrapper.framework; name = Foundation.framework; path = System/Library/Frameworks/Foundation.framework; sourceTree = SDKROOT; };
		830C25EF1B55EE7300957653 /* UIKit.framework */ = {isa = PBXFileReference; lastKnownFileType = wrapper.framework; name = UIKit.framework; path = System/Library/Frameworks/UIKit.framework; sourceTree = SDKROOT; };
		83F298D11B55F89700E1FDD4 /* libz.1.2.5.dylib */ = {isa = PBXFileReference; lastKnownFileType = "compiled.mach-o.dylib"; name = libz.1.2.5.dylib; path = usr/lib/libz.1.2.5.dylib; sourceTree = SDKROOT; };
		83F298D31B55F8BC00E1FDD4 /* libz.1.1.3.dylib */ = {isa = PBXFileReference; lastKnownFileType = "compiled.mach-o.dylib"; name = libz.1.1.3.dylib; path = usr/lib/libz.1.1.3.dylib; sourceTree = SDKROOT; };
		83F298D51B55F95000E1FDD4 /* libWeChatSDK.a */ = {isa = PBXFileReference; lastKnownFileType = archive.ar; path = libWeChatSDK.a; sourceTree = "<group>"; };
		83F298D61B55F95000E1FDD4 /* WXApi.h */ = {isa = PBXFileReference; fileEncoding = 4; lastKnownFileType = sourcecode.c.h; path = WXApi.h; sourceTree = "<group>"; };
		83F298D71B55F95000E1FDD4 /* WXApiObject.h */ = {isa = PBXFileReference; fileEncoding = 4; lastKnownFileType = sourcecode.c.h; path = WXApiObject.h; sourceTree = "<group>"; };
/* End PBXFileReference section */

/* Begin PBXFrameworksBuildPhase section */
		830B06301B54DC1E00A9AFAD /* Frameworks */ = {
			isa = PBXFrameworksBuildPhase;
			buildActionMask = 2147483647;
			files = (
				83F298D81B55F95000E1FDD4 /* libWeChatSDK.a in Frameworks */,
				830C25F51B55F09500957653 /* libc++.dylib in Frameworks */,
				830C25EC1B55ED8E00957653 /* libsqlite3.0.dylib in Frameworks */,
				830C25EA1B55ED7C00957653 /* libz.dylib in Frameworks */,
				830C25E81B55ED7000957653 /* SystemConfiguration.framework in Frameworks */,
			);
			runOnlyForDeploymentPostprocessing = 0;
		};
		830B06491B54DC1E00A9AFAD /* Frameworks */ = {
			isa = PBXFrameworksBuildPhase;
			buildActionMask = 2147483647;
			files = (
			);
			runOnlyForDeploymentPostprocessing = 0;
		};
/* End PBXFrameworksBuildPhase section */

/* Begin PBXGroup section */
		830B062A1B54DC1E00A9AFAD = {
			isa = PBXGroup;
			children = (
				83F298D31B55F8BC00E1FDD4 /* libz.1.1.3.dylib */,
				83F298D11B55F89700E1FDD4 /* libz.1.2.5.dylib */,
				830C25EF1B55EE7300957653 /* UIKit.framework */,
				830C25ED1B55EE6B00957653 /* Foundation.framework */,
				830C25EB1B55ED8E00957653 /* libsqlite3.0.dylib */,
				830C25E91B55ED7C00957653 /* libz.dylib */,
				830C25E71B55ED7000957653 /* SystemConfiguration.framework */,
				830C25E51B55EC5D00957653 /* libc++.dylib */,
				830B06351B54DC1E00A9AFAD /* AccessModel */,
				830B064F1B54DC1E00A9AFAD /* AccessModelTests */,
				830B06341B54DC1E00A9AFAD /* Products */,
			);
			sourceTree = "<group>";
		};
		830B06341B54DC1E00A9AFAD /* Products */ = {
			isa = PBXGroup;
			children = (
				830B06331B54DC1E00A9AFAD /* AccessModel.app */,
				830B064C1B54DC1E00A9AFAD /* AccessModelTests.xctest */,
			);
			name = Products;
			sourceTree = "<group>";
		};
		830B06351B54DC1E00A9AFAD /* AccessModel */ = {
			isa = PBXGroup;
			children = (
				83F298D51B55F95000E1FDD4 /* libWeChatSDK.a */,
				83F298D61B55F95000E1FDD4 /* WXApi.h */,
				83F298D71B55F95000E1FDD4 /* WXApiObject.h */,
				830B063A1B54DC1E00A9AFAD /* AppDelegate.h */,
				830B063B1B54DC1E00A9AFAD /* AppDelegate.m */,
				830B063D1B54DC1E00A9AFAD /* ViewController.h */,
				830B063E1B54DC1E00A9AFAD /* ViewController.m */,
				830B06401B54DC1E00A9AFAD /* Main.storyboard */,
				830B06431B54DC1E00A9AFAD /* Images.xcassets */,
				830B06451B54DC1E00A9AFAD /* LaunchScreen.xib */,
				830B06361B54DC1E00A9AFAD /* Supporting Files */,
			);
			path = AccessModel;
			sourceTree = "<group>";
		};
		830B06361B54DC1E00A9AFAD /* Supporting Files */ = {
			isa = PBXGroup;
			children = (
				830B06371B54DC1E00A9AFAD /* Info.plist */,
				830B06381B54DC1E00A9AFAD /* main.m */,
			);
			name = "Supporting Files";
			sourceTree = "<group>";
		};
		830B064F1B54DC1E00A9AFAD /* AccessModelTests */ = {
			isa = PBXGroup;
			children = (
				830B06521B54DC1E00A9AFAD /* AccessModelTests.m */,
				830B06501B54DC1E00A9AFAD /* Supporting Files */,
			);
			path = AccessModelTests;
			sourceTree = "<group>";
		};
		830B06501B54DC1E00A9AFAD /* Supporting Files */ = {
			isa = PBXGroup;
			children = (
				830B06511B54DC1E00A9AFAD /* Info.plist */,
			);
			name = "Supporting Files";
			sourceTree = "<group>";
		};
/* End PBXGroup section */

/* Begin PBXNativeTarget section */
		830B06321B54DC1E00A9AFAD /* AccessModel */ = {
			isa = PBXNativeTarget;
			buildConfigurationList = 830B06561B54DC1E00A9AFAD /* Build configuration list for PBXNativeTarget "AccessModel" */;
			buildPhases = (
				830B062F1B54DC1E00A9AFAD /* Sources */,
				830B06301B54DC1E00A9AFAD /* Frameworks */,
				830B06311B54DC1E00A9AFAD /* Resources */,
			);
			buildRules = (
			);
			dependencies = (
			);
			name = AccessModel;
			productName = AccessModel;
			productReference = 830B06331B54DC1E00A9AFAD /* AccessModel.app */;
			productType = "com.apple.product-type.application";
		};
		830B064B1B54DC1E00A9AFAD /* AccessModelTests */ = {
			isa = PBXNativeTarget;
			buildConfigurationList = 830B06591B54DC1E00A9AFAD /* Build configuration list for PBXNativeTarget "AccessModelTests" */;
			buildPhases = (
				830B06481B54DC1E00A9AFAD /* Sources */,
				830B06491B54DC1E00A9AFAD /* Frameworks */,
				830B064A1B54DC1E00A9AFAD /* Resources */,
			);
			buildRules = (
			);
			dependencies = (
				830B064E1B54DC1E00A9AFAD /* PBXTargetDependency */,
			);
			name = AccessModelTests;
			productName = AccessModelTests;
			productReference = 830B064C1B54DC1E00A9AFAD /* AccessModelTests.xctest */;
			productType = "com.apple.product-type.bundle.unit-test";
		};
/* End PBXNativeTarget section */

/* Begin PBXProject section */
		830B062B1B54DC1E00A9AFAD /* Project object */ = {
			isa = PBXProject;
			attributes = {
				LastUpgradeCheck = 0640;
				ORGANIZATIONNAME = pfl;
				TargetAttributes = {
					830B06321B54DC1E00A9AFAD = {
						CreatedOnToolsVersion = 6.4;
					};
					830B064B1B54DC1E00A9AFAD = {
						CreatedOnToolsVersion = 6.4;
						TestTargetID = 830B06321B54DC1E00A9AFAD;
					};
				};
			};
			buildConfigurationList = 830B062E1B54DC1E00A9AFAD /* Build configuration list for PBXProject "AccessModel" */;
			compatibilityVersion = "Xcode 3.2";
			developmentRegion = English;
			hasScannedForEncodings = 0;
			knownRegions = (
				en,
				Base,
			);
			mainGroup = 830B062A1B54DC1E00A9AFAD;
			productRefGroup = 830B06341B54DC1E00A9AFAD /* Products */;
			projectDirPath = "";
			projectRoot = "";
			targets = (
				830B06321B54DC1E00A9AFAD /* AccessModel */,
				830B064B1B54DC1E00A9AFAD /* AccessModelTests */,
			);
		};
/* End PBXProject section */

/* Begin PBXResourcesBuildPhase section */
		830B06311B54DC1E00A9AFAD /* Resources */ = {
			isa = PBXResourcesBuildPhase;
			buildActionMask = 2147483647;
			files = (
				830B06421B54DC1E00A9AFAD /* Main.storyboard in Resources */,
				830B06471B54DC1E00A9AFAD /* LaunchScreen.xib in Resources */,
				830B06441B54DC1E00A9AFAD /* Images.xcassets in Resources */,
			);
			runOnlyForDeploymentPostprocessing = 0;
		};
		830B064A1B54DC1E00A9AFAD /* Resources */ = {
			isa = PBXResourcesBuildPhase;
			buildActionMask = 2147483647;
			files = (
			);
			runOnlyForDeploymentPostprocessing = 0;
		};
/* End PBXResourcesBuildPhase section */

/* Begin PBXSourcesBuildPhase section */
		830B062F1B54DC1E00A9AFAD /* Sources */ = {
			isa = PBXSourcesBuildPhase;
			buildActionMask = 2147483647;
			files = (
				830B063F1B54DC1E00A9AFAD /* ViewController.m in Sources */,
				830B063C1B54DC1E00A9AFAD /* AppDelegate.m in Sources */,
				830B06391B54DC1E00A9AFAD /* main.m in Sources */,
			);
			runOnlyForDeploymentPostprocessing = 0;
		};
		830B06481B54DC1E00A9AFAD /* Sources */ = {
			isa = PBXSourcesBuildPhase;
			buildActionMask = 2147483647;
			files = (
				830B06531B54DC1E00A9AFAD /* AccessModelTests.m in Sources */,
			);
			runOnlyForDeploymentPostprocessing = 0;
		};
/* End PBXSourcesBuildPhase section */

/* Begin PBXTargetDependency section */
		830B064E1B54DC1E00A9AFAD /* PBXTargetDependency */ = {
			isa = PBXTargetDependency;
			target = 830B06321B54DC1E00A9AFAD /* AccessModel */;
			targetProxy = 830B064D1B54DC1E00A9AFAD /* PBXContainerItemProxy */;
		};
/* End PBXTargetDependency section */

/* Begin PBXVariantGroup section */
		830B06401B54DC1E00A9AFAD /* Main.storyboard */ = {
			isa = PBXVariantGroup;
			children = (
				830B06411B54DC1E00A9AFAD /* Base */,
			);
			name = Main.storyboard;
			sourceTree = "<group>";
		};
		830B06451B54DC1E00A9AFAD /* LaunchScreen.xib */ = {
			isa = PBXVariantGroup;
			children = (
				830B06461B54DC1E00A9AFAD /* Base */,
			);
			name = LaunchScreen.xib;
			sourceTree = "<group>";
		};
/* End PBXVariantGroup section */

/* Begin XCBuildConfiguration section */
		830B06541B54DC1E00A9AFAD /* Debug */ = {
			isa = XCBuildConfiguration;
			buildSettings = {
				ALWAYS_SEARCH_USER_PATHS = NO;
				CLANG_CXX_LANGUAGE_STANDARD = "gnu++0x";
				CLANG_CXX_LIBRARY = "libc++";
				CLANG_ENABLE_MODULES = YES;
				CLANG_ENABLE_OBJC_ARC = YES;
				CLANG_WARN_BOOL_CONVERSION = YES;
				CLANG_WARN_CONSTANT_CONVERSION = YES;
				CLANG_WARN_DIRECT_OBJC_ISA_USAGE = YES_ERROR;
				CLANG_WARN_EMPTY_BODY = YES;
				CLANG_WARN_ENUM_CONVERSION = YES;
				CLANG_WARN_INT_CONVERSION = YES;
				CLANG_WARN_OBJC_ROOT_CLASS = YES_ERROR;
				CLANG_WARN_UNREACHABLE_CODE = YES;
				CLANG_WARN__DUPLICATE_METHOD_MATCH = YES;
				"CODE_SIGN_IDENTITY[sdk=iphoneos*]" = "iPhone Developer";
				COPY_PHASE_STRIP = NO;
				DEBUG_INFORMATION_FORMAT = "dwarf-with-dsym";
				ENABLE_STRICT_OBJC_MSGSEND = YES;
				GCC_C_LANGUAGE_STANDARD = gnu99;
				GCC_DYNAMIC_NO_PIC = NO;
				GCC_NO_COMMON_BLOCKS = YES;
				GCC_OPTIMIZATION_LEVEL = 0;
				GCC_PREPROCESSOR_DEFINITIONS = (
					"DEBUG=1",
					"$(inherited)",
				);
				GCC_SYMBOLS_PRIVATE_EXTERN = NO;
				GCC_WARN_64_TO_32_BIT_CONVERSION = YES;
				GCC_WARN_ABOUT_RETURN_TYPE = YES_ERROR;
				GCC_WARN_UNDECLARED_SELECTOR = YES;
				GCC_WARN_UNINITIALIZED_AUTOS = YES_AGGRESSIVE;
				GCC_WARN_UNUSED_FUNCTION = YES;
				GCC_WARN_UNUSED_VARIABLE = YES;
				IPHONEOS_DEPLOYMENT_TARGET = 8.0;
				MTL_ENABLE_DEBUG_INFO = YES;
				ONLY_ACTIVE_ARCH = YES;
				SDKROOT = iphoneos;
			};
			name = Debug;
		};
		830B06551B54DC1E00A9AFAD /* Release */ = {
			isa = XCBuildConfiguration;
			buildSettings = {
				ALWAYS_SEARCH_USER_PATHS = NO;
				CLANG_CXX_LANGUAGE_STANDARD = "gnu++0x";
				CLANG_CXX_LIBRARY = "libc++";
				CLANG_ENABLE_MODULES = YES;
				CLANG_ENABLE_OBJC_ARC = YES;
				CLANG_WARN_BOOL_CONVERSION = YES;
				CLANG_WARN_CONSTANT_CONVERSION = YES;
				CLANG_WARN_DIRECT_OBJC_ISA_USAGE = YES_ERROR;
				CLANG_WARN_EMPTY_BODY = YES;
				CLANG_WARN_ENUM_CONVERSION = YES;
				CLANG_WARN_INT_CONVERSION = YES;
				CLANG_WARN_OBJC_ROOT_CLASS = YES_ERROR;
				CLANG_WARN_UNREACHABLE_CODE = YES;
				CLANG_WARN__DUPLICATE_METHOD_MATCH = YES;
				"CODE_SIGN_IDENTITY[sdk=iphoneos*]" = "iPhone Developer";
				COPY_PHASE_STRIP = NO;
				DEBUG_INFORMATION_FORMAT = "dwarf-with-dsym";
				ENABLE_NS_ASSERTIONS = NO;
				ENABLE_STRICT_OBJC_MSGSEND = YES;
				GCC_C_LANGUAGE_STANDARD = gnu99;
				GCC_NO_COMMON_BLOCKS = YES;
				GCC_WARN_64_TO_32_BIT_CONVERSION = YES;
				GCC_WARN_ABOUT_RETURN_TYPE = YES_ERROR;
				GCC_WARN_UNDECLARED_SELECTOR = YES;
				GCC_WARN_UNINITIALIZED_AUTOS = YES_AGGRESSIVE;
				GCC_WARN_UNUSED_FUNCTION = YES;
				GCC_WARN_UNUSED_VARIABLE = YES;
				IPHONEOS_DEPLOYMENT_TARGET = 8.0;
				MTL_ENABLE_DEBUG_INFO = NO;
				SDKROOT = iphoneos;
				VALIDATE_PRODUCT = YES;
			};
			name = Release;
		};
		830B06571B54DC1E00A9AFAD /* Debug */ = {
			isa = XCBuildConfiguration;
			buildSettings = {
				ARCHS = "$(ARCHS_STANDARD)";
				ASSETCATALOG_COMPILER_APPICON_NAME = AppIcon;
				INFOPLIST_FILE = AccessModel/Info.plist;
				IPHONEOS_DEPLOYMENT_TARGET = 8.0;
				LD_RUNPATH_SEARCH_PATHS = "$(inherited) @executable_path/Frameworks";
				LIBRARY_SEARCH_PATHS = "$(PROJECT_DIR)/AccessModel";
				ONLY_ACTIVE_ARCH = YES;
				PRODUCT_NAME = "$(TARGET_NAME)";
				SDKROOT = iphoneos;
				VALID_ARCHS = "armv7 x86_64 i386 arm64 armv7s";
			};
			name = Debug;
		};
		830B06581B54DC1E00A9AFAD /* Release */ = {
			isa = XCBuildConfiguration;
			buildSettings = {
				ARCHS = "$(ARCHS_STANDARD)";
				ASSETCATALOG_COMPILER_APPICON_NAME = AppIcon;
				INFOPLIST_FILE = AccessModel/Info.plist;
				IPHONEOS_DEPLOYMENT_TARGET = 8.0;
				LD_RUNPATH_SEARCH_PATHS = "$(inherited) @executable_path/Frameworks";
				LIBRARY_SEARCH_PATHS = "$(PROJECT_DIR)/AccessModel";
				ONLY_ACTIVE_ARCH = YES;
				PRODUCT_NAME = "$(TARGET_NAME)";
				SDKROOT = iphoneos;
				VALID_ARCHS = "armv7 x86_64 i386 arm64 armv7s";
			};
			name = Release;
		};
		830B065A1B54DC1E00A9AFAD /* Debug */ = {
			isa = XCBuildConfiguration;
			buildSettings = {
				BUNDLE_LOADER = "$(TEST_HOST)";
				FRAMEWORK_SEARCH_PATHS = (
					"$(SDKROOT)/Developer/Library/Frameworks",
					"$(inherited)",
				);
				GCC_PREPROCESSOR_DEFINITIONS = (
					"DEBUG=1",
					"$(inherited)",
				);
				INFOPLIST_FILE = AccessModelTests/Info.plist;
				LD_RUNPATH_SEARCH_PATHS = "$(inherited) @executable_path/Frameworks @loader_path/Frameworks";
				PRODUCT_NAME = "$(TARGET_NAME)";
				TEST_HOST = "$(BUILT_PRODUCTS_DIR)/AccessModel.app/AccessModel";
			};
			name = Debug;
		};
		830B065B1B54DC1E00A9AFAD /* Release */ = {
			isa = XCBuildConfiguration;
			buildSettings = {
				BUNDLE_LOADER = "$(TEST_HOST)";
				FRAMEWORK_SEARCH_PATHS = (
					"$(SDKROOT)/Developer/Library/Frameworks",
					"$(inherited)",
				);
				INFOPLIST_FILE = AccessModelTests/Info.plist;
				LD_RUNPATH_SEARCH_PATHS = "$(inherited) @executable_path/Frameworks @loader_path/Frameworks";
				PRODUCT_NAME = "$(TARGET_NAME)";
				TEST_HOST = "$(BUILT_PRODUCTS_DIR)/AccessModel.app/AccessModel";
			};
			name = Release;
		};
/* End XCBuildConfiguration section */

/* Begin XCConfigurationList section */
		830B062E1B54DC1E00A9AFAD /* Build configuration list for PBXProject "AccessModel" */ = {
			isa = XCConfigurationList;
			buildConfigurations = (
				830B06541B54DC1E00A9AFAD /* Debug */,
				830B06551B54DC1E00A9AFAD /* Release */,
			);
			defaultConfigurationIsVisible = 0;
			defaultConfigurationName = Release;
		};
		830B06561B54DC1E00A9AFAD /* Build configuration list for PBXNativeTarget "AccessModel" */ = {
			isa = XCConfigurationList;
			buildConfigurations = (
				830B06571B54DC1E00A9AFAD /* Debug */,
				830B06581B54DC1E00A9AFAD /* Release */,
			);
			defaultConfigurationIsVisible = 0;
			defaultConfigurationName = Release;
		};
		830B06591B54DC1E00A9AFAD /* Build configuration list for PBXNativeTarget "AccessModelTests" */ = {
			isa = XCConfigurationList;
			buildConfigurations = (
				830B065A1B54DC1E00A9AFAD /* Debug */,
				830B065B1B54DC1E00A9AFAD /* Release */,
			);
			defaultConfigurationIsVisible = 0;
			defaultConfigurationName = Release;
		};
/* End XCConfigurationList section */
	};
	rootObject = 830B062B1B54DC1E00A9AFAD /* Project object */;
}
