// !$*UTF8*$!
{
	archiveVersion = 1;
	classes = {
	};
	objectVersion = 46;
	objects = {

/* Begin PBXBuildFile section */
		00BC860718B6DDBA004ACF71 /* Foundation.framework in Frameworks */ = {isa = PBXBuildFile; fileRef = 00BC860618B6DDBA004ACF71 /* Foundation.framework */; };
		00BC860918B6DDBA004ACF71 /* CoreGraphics.framework in Frameworks */ = {isa = PBXBuildFile; fileRef = 00BC860818B6DDBA004ACF71 /* CoreGraphics.framework */; };
		00BC860B18B6DDBA004ACF71 /* UIKit.framework in Frameworks */ = {isa = PBXBuildFile; fileRef = 00BC860A18B6DDBA004ACF71 /* UIKit.framework */; };
		00BC861118B6DDBA004ACF71 /* InfoPlist.strings in Resources */ = {isa = PBXBuildFile; fileRef = 00BC860F18B6DDBA004ACF71 /* InfoPlist.strings */; };
		00BC861318B6DDBA004ACF71 /* main.m in Sources */ = {isa = PBXBuildFile; fileRef = 00BC861218B6DDBA004ACF71 /* main.m */; };
		00BC861718B6DDBA004ACF71 /* AppDelegate.m in Sources */ = {isa = PBXBuildFile; fileRef = 00BC861618B6DDBA004ACF71 /* AppDelegate.m */; };
		00BC861918B6DDBA004ACF71 /* Images.xcassets in Resources */ = {isa = PBXBuildFile; fileRef = 00BC861818B6DDBA004ACF71 /* Images.xcassets */; };
		00BC862018B6DDBB004ACF71 /* XCTest.framework in Frameworks */ = {isa = PBXBuildFile; fileRef = 00BC861F18B6DDBB004ACF71 /* XCTest.framework */; };
		00BC862118B6DDBB004ACF71 /* Foundation.framework in Frameworks */ = {isa = PBXBuildFile; fileRef = 00BC860618B6DDBA004ACF71 /* Foundation.framework */; };
		00BC862218B6DDBB004ACF71 /* UIKit.framework in Frameworks */ = {isa = PBXBuildFile; fileRef = 00BC860A18B6DDBA004ACF71 /* UIKit.framework */; };
		00BC862A18B6DDBB004ACF71 /* InfoPlist.strings in Resources */ = {isa = PBXBuildFile; fileRef = 00BC862818B6DDBB004ACF71 /* InfoPlist.strings */; };
		00BC862C18B6DDBB004ACF71 /* CityPlistTests.m in Sources */ = {isa = PBXBuildFile; fileRef = 00BC862B18B6DDBB004ACF71 /* CityPlistTests.m */; };
		00BC863718B6DDE1004ACF71 /* CityViewController.m in Sources */ = {isa = PBXBuildFile; fileRef = 00BC863618B6DDE1004ACF71 /* CityViewController.m */; };
		00BC863918B6DE0C004ACF71 /* BaiduMap_cityCenter.txt in Resources */ = {isa = PBXBuildFile; fileRef = 00BC863818B6DE0C004ACF71 /* BaiduMap_cityCenter.txt */; };
		00BC863E18B6DE1A004ACF71 /* City.m in Sources */ = {isa = PBXBuildFile; fileRef = 00BC863B18B6DE1A004ACF71 /* City.m */; };
		00BC863F18B6DE1A004ACF71 /* HandleCityData.m in Sources */ = {isa = PBXBuildFile; fileRef = 00BC863D18B6DE1A004ACF71 /* HandleCityData.m */; };
		00BC864218B6DE2C004ACF71 /* JSONKit.m in Sources */ = {isa = PBXBuildFile; fileRef = 00BC864118B6DE2C004ACF71 /* JSONKit.m */; settings = {COMPILER_FLAGS = "-fno-objc-arc"; }; };
/* End PBXBuildFile section */

/* Begin PBXContainerItemProxy section */
		00BC862318B6DDBB004ACF71 /* PBXContainerItemProxy */ = {
			isa = PBXContainerItemProxy;
			containerPortal = 00BC85FB18B6DDBA004ACF71 /* Project object */;
			proxyType = 1;
			remoteGlobalIDString = 00BC860218B6DDBA004ACF71;
			remoteInfo = CityPlist;
		};
/* End PBXContainerItemProxy section */

/* Begin PBXFileReference section */
		00BC860318B6DDBA004ACF71 /* CityPlist.app */ = {isa = PBXFileReference; explicitFileType = wrapper.application; includeInIndex = 0; path = CityPlist.app; sourceTree = BUILT_PRODUCTS_DIR; };
		00BC860618B6DDBA004ACF71 /* Foundation.framework */ = {isa = PBXFileReference; lastKnownFileType = wrapper.framework; name = Foundation.framework; path = System/Library/Frameworks/Foundation.framework; sourceTree = SDKROOT; };
		00BC860818B6DDBA004ACF71 /* CoreGraphics.framework */ = {isa = PBXFileReference; lastKnownFileType = wrapper.framework; name = CoreGraphics.framework; path = System/Library/Frameworks/CoreGraphics.framework; sourceTree = SDKROOT; };
		00BC860A18B6DDBA004ACF71 /* UIKit.framework */ = {isa = PBXFileReference; lastKnownFileType = wrapper.framework; name = UIKit.framework; path = System/Library/Frameworks/UIKit.framework; sourceTree = SDKROOT; };
		00BC860E18B6DDBA004ACF71 /* CityPlist-Info.plist */ = {isa = PBXFileReference; lastKnownFileType = text.plist.xml; path = "CityPlist-Info.plist"; sourceTree = "<group>"; };
		00BC861018B6DDBA004ACF71 /* en */ = {isa = PBXFileReference; lastKnownFileType = text.plist.strings; name = en; path = en.lproj/InfoPlist.strings; sourceTree = "<group>"; };
		00BC861218B6DDBA004ACF71 /* main.m */ = {isa = PBXFileReference; lastKnownFileType = sourcecode.c.objc; path = main.m; sourceTree = "<group>"; };
		00BC861418B6DDBA004ACF71 /* CityPlist-Prefix.pch */ = {isa = PBXFileReference; lastKnownFileType = sourcecode.c.h; path = "CityPlist-Prefix.pch"; sourceTree = "<group>"; };
		00BC861518B6DDBA004ACF71 /* AppDelegate.h */ = {isa = PBXFileReference; lastKnownFileType = sourcecode.c.h; path = AppDelegate.h; sourceTree = "<group>"; };
		00BC861618B6DDBA004ACF71 /* AppDelegate.m */ = {isa = PBXFileReference; lastKnownFileType = sourcecode.c.objc; path = AppDelegate.m; sourceTree = "<group>"; };
		00BC861818B6DDBA004ACF71 /* Images.xcassets */ = {isa = PBXFileReference; lastKnownFileType = folder.assetcatalog; path = Images.xcassets; sourceTree = "<group>"; };
		00BC861E18B6DDBB004ACF71 /* CityPlistTests.xctest */ = {isa = PBXFileReference; explicitFileType = wrapper.cfbundle; includeInIndex = 0; path = CityPlistTests.xctest; sourceTree = BUILT_PRODUCTS_DIR; };
		00BC861F18B6DDBB004ACF71 /* XCTest.framework */ = {isa = PBXFileReference; lastKnownFileType = wrapper.framework; name = XCTest.framework; path = Library/Frameworks/XCTest.framework; sourceTree = DEVELOPER_DIR; };
		00BC862718B6DDBB004ACF71 /* CityPlistTests-Info.plist */ = {isa = PBXFileReference; lastKnownFileType = text.plist.xml; path = "CityPlistTests-Info.plist"; sourceTree = "<group>"; };
		00BC862918B6DDBB004ACF71 /* en */ = {isa = PBXFileReference; lastKnownFileType = text.plist.strings; name = en; path = en.lproj/InfoPlist.strings; sourceTree = "<group>"; };
		00BC862B18B6DDBB004ACF71 /* CityPlistTests.m */ = {isa = PBXFileReference; lastKnownFileType = sourcecode.c.objc; path = CityPlistTests.m; sourceTree = "<group>"; };
		00BC863518B6DDE1004ACF71 /* CityViewController.h */ = {isa = PBXFileReference; fileEncoding = 4; lastKnownFileType = sourcecode.c.h; path = CityViewController.h; sourceTree = "<group>"; };
		00BC863618B6DDE1004ACF71 /* CityViewController.m */ = {isa = PBXFileReference; fileEncoding = 4; lastKnownFileType = sourcecode.c.objc; path = CityViewController.m; sourceTree = "<group>"; };
		00BC863818B6DE0C004ACF71 /* BaiduMap_cityCenter.txt */ = {isa = PBXFileReference; fileEncoding = 4; lastKnownFileType = text; path = BaiduMap_cityCenter.txt; sourceTree = "<group>"; };
		00BC863A18B6DE1A004ACF71 /* City.h */ = {isa = PBXFileReference; fileEncoding = 4; lastKnownFileType = sourcecode.c.h; path = City.h; sourceTree = "<group>"; };
		00BC863B18B6DE1A004ACF71 /* City.m */ = {isa = PBXFileReference; fileEncoding = 4; lastKnownFileType = sourcecode.c.objc; path = City.m; sourceTree = "<group>"; };
		00BC863C18B6DE1A004ACF71 /* HandleCityData.h */ = {isa = PBXFileReference; fileEncoding = 4; lastKnownFileType = sourcecode.c.h; path = HandleCityData.h; sourceTree = "<group>"; };
		00BC863D18B6DE1A004ACF71 /* HandleCityData.m */ = {isa = PBXFileReference; fileEncoding = 4; lastKnownFileType = sourcecode.c.objc; path = HandleCityData.m; sourceTree = "<group>"; };
		00BC864018B6DE2C004ACF71 /* JSONKit.h */ = {isa = PBXFileReference; fileEncoding = 4; lastKnownFileType = sourcecode.c.h; path = JSONKit.h; sourceTree = "<group>"; };
		00BC864118B6DE2C004ACF71 /* JSONKit.m */ = {isa = PBXFileReference; fileEncoding = 4; lastKnownFileType = sourcecode.c.objc; path = JSONKit.m; sourceTree = "<group>"; };
/* End PBXFileReference section */

/* Begin PBXFrameworksBuildPhase section */
		00BC860018B6DDBA004ACF71 /* Frameworks */ = {
			isa = PBXFrameworksBuildPhase;
			buildActionMask = 2147483647;
			files = (
				00BC860918B6DDBA004ACF71 /* CoreGraphics.framework in Frameworks */,
				00BC860B18B6DDBA004ACF71 /* UIKit.framework in Frameworks */,
				00BC860718B6DDBA004ACF71 /* Foundation.framework in Frameworks */,
			);
			runOnlyForDeploymentPostprocessing = 0;
		};
		00BC861B18B6DDBB004ACF71 /* Frameworks */ = {
			isa = PBXFrameworksBuildPhase;
			buildActionMask = 2147483647;
			files = (
				00BC862018B6DDBB004ACF71 /* XCTest.framework in Frameworks */,
				00BC862218B6DDBB004ACF71 /* UIKit.framework in Frameworks */,
				00BC862118B6DDBB004ACF71 /* Foundation.framework in Frameworks */,
			);
			runOnlyForDeploymentPostprocessing = 0;
		};
/* End PBXFrameworksBuildPhase section */

/* Begin PBXGroup section */
		00BC85FA18B6DDBA004ACF71 = {
			isa = PBXGroup;
			children = (
				00BC860C18B6DDBA004ACF71 /* CityPlist */,
				00BC862518B6DDBB004ACF71 /* CityPlistTests */,
				00BC860518B6DDBA004ACF71 /* Frameworks */,
				00BC860418B6DDBA004ACF71 /* Products */,
			);
			sourceTree = "<group>";
		};
		00BC860418B6DDBA004ACF71 /* Products */ = {
			isa = PBXGroup;
			children = (
				00BC860318B6DDBA004ACF71 /* CityPlist.app */,
				00BC861E18B6DDBB004ACF71 /* CityPlistTests.xctest */,
			);
			name = Products;
			sourceTree = "<group>";
		};
		00BC860518B6DDBA004ACF71 /* Frameworks */ = {
			isa = PBXGroup;
			children = (
				00BC860618B6DDBA004ACF71 /* Foundation.framework */,
				00BC860818B6DDBA004ACF71 /* CoreGraphics.framework */,
				00BC860A18B6DDBA004ACF71 /* UIKit.framework */,
				00BC861F18B6DDBB004ACF71 /* XCTest.framework */,
			);
			name = Frameworks;
			sourceTree = "<group>";
		};
		00BC860C18B6DDBA004ACF71 /* CityPlist */ = {
			isa = PBXGroup;
			children = (
				00BC863818B6DE0C004ACF71 /* BaiduMap_cityCenter.txt */,
				00BC861518B6DDBA004ACF71 /* AppDelegate.h */,
				00BC861618B6DDBA004ACF71 /* AppDelegate.m */,
				00BC864018B6DE2C004ACF71 /* JSONKit.h */,
				00BC864118B6DE2C004ACF71 /* JSONKit.m */,
				00BC863A18B6DE1A004ACF71 /* City.h */,
				00BC863B18B6DE1A004ACF71 /* City.m */,
				00BC863C18B6DE1A004ACF71 /* HandleCityData.h */,
				00BC863D18B6DE1A004ACF71 /* HandleCityData.m */,
				00BC863518B6DDE1004ACF71 /* CityViewController.h */,
				00BC863618B6DDE1004ACF71 /* CityViewController.m */,
				00BC861818B6DDBA004ACF71 /* Images.xcassets */,
				00BC860D18B6DDBA004ACF71 /* Supporting Files */,
			);
			path = CityPlist;
			sourceTree = "<group>";
		};
		00BC860D18B6DDBA004ACF71 /* Supporting Files */ = {
			isa = PBXGroup;
			children = (
				00BC860E18B6DDBA004ACF71 /* CityPlist-Info.plist */,
				00BC860F18B6DDBA004ACF71 /* InfoPlist.strings */,
				00BC861218B6DDBA004ACF71 /* main.m */,
				00BC861418B6DDBA004ACF71 /* CityPlist-Prefix.pch */,
			);
			name = "Supporting Files";
			sourceTree = "<group>";
		};
		00BC862518B6DDBB004ACF71 /* CityPlistTests */ = {
			isa = PBXGroup;
			children = (
				00BC862B18B6DDBB004ACF71 /* CityPlistTests.m */,
				00BC862618B6DDBB004ACF71 /* Supporting Files */,
			);
			path = CityPlistTests;
			sourceTree = "<group>";
		};
		00BC862618B6DDBB004ACF71 /* Supporting Files */ = {
			isa = PBXGroup;
			children = (
				00BC862718B6DDBB004ACF71 /* CityPlistTests-Info.plist */,
				00BC862818B6DDBB004ACF71 /* InfoPlist.strings */,
			);
			name = "Supporting Files";
			sourceTree = "<group>";
		};
/* End PBXGroup section */

/* Begin PBXNativeTarget section */
		00BC860218B6DDBA004ACF71 /* CityPlist */ = {
			isa = PBXNativeTarget;
			buildConfigurationList = 00BC862F18B6DDBB004ACF71 /* Build configuration list for PBXNativeTarget "CityPlist" */;
			buildPhases = (
				00BC85FF18B6DDBA004ACF71 /* Sources */,
				00BC860018B6DDBA004ACF71 /* Frameworks */,
				00BC860118B6DDBA004ACF71 /* Resources */,
			);
			buildRules = (
			);
			dependencies = (
			);
			name = CityPlist;
			productName = CityPlist;
			productReference = 00BC860318B6DDBA004ACF71 /* CityPlist.app */;
			productType = "com.apple.product-type.application";
		};
		00BC861D18B6DDBB004ACF71 /* CityPlistTests */ = {
			isa = PBXNativeTarget;
			buildConfigurationList = 00BC863218B6DDBB004ACF71 /* Build configuration list for PBXNativeTarget "CityPlistTests" */;
			buildPhases = (
				00BC861A18B6DDBB004ACF71 /* Sources */,
				00BC861B18B6DDBB004ACF71 /* Frameworks */,
				00BC861C18B6DDBB004ACF71 /* Resources */,
			);
			buildRules = (
			);
			dependencies = (
				00BC862418B6DDBB004ACF71 /* PBXTargetDependency */,
			);
			name = CityPlistTests;
			productName = CityPlistTests;
			productReference = 00BC861E18B6DDBB004ACF71 /* CityPlistTests.xctest */;
			productType = "com.apple.product-type.bundle.unit-test";
		};
/* End PBXNativeTarget section */

/* Begin PBXProject section */
		00BC85FB18B6DDBA004ACF71 /* Project object */ = {
			isa = PBXProject;
			attributes = {
				LastUpgradeCheck = 0500;
				ORGANIZATIONNAME = cty;
				TargetAttributes = {
					00BC861D18B6DDBB004ACF71 = {
						TestTargetID = 00BC860218B6DDBA004ACF71;
					};
				};
			};
			buildConfigurationList = 00BC85FE18B6DDBA004ACF71 /* Build configuration list for PBXProject "CityPlist" */;
			compatibilityVersion = "Xcode 3.2";
			developmentRegion = English;
			hasScannedForEncodings = 0;
			knownRegions = (
				en,
			);
			mainGroup = 00BC85FA18B6DDBA004ACF71;
			productRefGroup = 00BC860418B6DDBA004ACF71 /* Products */;
			projectDirPath = "";
			projectRoot = "";
			targets = (
				00BC860218B6DDBA004ACF71 /* CityPlist */,
				00BC861D18B6DDBB004ACF71 /* CityPlistTests */,
			);
		};
/* End PBXProject section */

/* Begin PBXResourcesBuildPhase section */
		00BC860118B6DDBA004ACF71 /* Resources */ = {
			isa = PBXResourcesBuildPhase;
			buildActionMask = 2147483647;
			files = (
				00BC861118B6DDBA004ACF71 /* InfoPlist.strings in Resources */,
				00BC863918B6DE0C004ACF71 /* BaiduMap_cityCenter.txt in Resources */,
				00BC861918B6DDBA004ACF71 /* Images.xcassets in Resources */,
			);
			runOnlyForDeploymentPostprocessing = 0;
		};
		00BC861C18B6DDBB004ACF71 /* Resources */ = {
			isa = PBXResourcesBuildPhase;
			buildActionMask = 2147483647;
			files = (
				00BC862A18B6DDBB004ACF71 /* InfoPlist.strings in Resources */,
			);
			runOnlyForDeploymentPostprocessing = 0;
		};
/* End PBXResourcesBuildPhase section */

/* Begin PBXSourcesBuildPhase section */
		00BC85FF18B6DDBA004ACF71 /* Sources */ = {
			isa = PBXSourcesBuildPhase;
			buildActionMask = 2147483647;
			files = (
				00BC863F18B6DE1A004ACF71 /* HandleCityData.m in Sources */,
				00BC863718B6DDE1004ACF71 /* CityViewController.m in Sources */,
				00BC864218B6DE2C004ACF71 /* JSONKit.m in Sources */,
				00BC861718B6DDBA004ACF71 /* AppDelegate.m in Sources */,
				00BC863E18B6DE1A004ACF71 /* City.m in Sources */,
				00BC861318B6DDBA004ACF71 /* main.m in Sources */,
			);
			runOnlyForDeploymentPostprocessing = 0;
		};
		00BC861A18B6DDBB004ACF71 /* Sources */ = {
			isa = PBXSourcesBuildPhase;
			buildActionMask = 2147483647;
			files = (
				00BC862C18B6DDBB004ACF71 /* CityPlistTests.m in Sources */,
			);
			runOnlyForDeploymentPostprocessing = 0;
		};
/* End PBXSourcesBuildPhase section */

/* Begin PBXTargetDependency section */
		00BC862418B6DDBB004ACF71 /* PBXTargetDependency */ = {
			isa = PBXTargetDependency;
			target = 00BC860218B6DDBA004ACF71 /* CityPlist */;
			targetProxy = 00BC862318B6DDBB004ACF71 /* PBXContainerItemProxy */;
		};
/* End PBXTargetDependency section */

/* Begin PBXVariantGroup section */
		00BC860F18B6DDBA004ACF71 /* InfoPlist.strings */ = {
			isa = PBXVariantGroup;
			children = (
				00BC861018B6DDBA004ACF71 /* en */,
			);
			name = InfoPlist.strings;
			sourceTree = "<group>";
		};
		00BC862818B6DDBB004ACF71 /* InfoPlist.strings */ = {
			isa = PBXVariantGroup;
			children = (
				00BC862918B6DDBB004ACF71 /* en */,
			);
			name = InfoPlist.strings;
			sourceTree = "<group>";
		};
/* End PBXVariantGroup section */

/* Begin XCBuildConfiguration section */
		00BC862D18B6DDBB004ACF71 /* Debug */ = {
			isa = XCBuildConfiguration;
			buildSettings = {
				ALWAYS_SEARCH_USER_PATHS = NO;
				ARCHS = "$(ARCHS_STANDARD_INCLUDING_64_BIT)";
				CLANG_CXX_LANGUAGE_STANDARD = "gnu++0x";
				CLANG_CXX_LIBRARY = "libc++";
				CLANG_ENABLE_MODULES = YES;
				CLANG_ENABLE_OBJC_ARC = YES;
				CLANG_WARN_BOOL_CONVERSION = YES;
				CLANG_WARN_CONSTANT_CONVERSION = YES;
				CLANG_WARN_DIRECT_OBJC_ISA_USAGE = YES_ERROR;
				CLANG_WARN_EMPTY_BODY = YES;
				CLANG_WARN_ENUM_CONVERSION = YES;
				CLANG_WARN_INT_CONVERSION = YES;
				CLANG_WARN_OBJC_ROOT_CLASS = YES_ERROR;
				CLANG_WARN__DUPLICATE_METHOD_MATCH = YES;
				"CODE_SIGN_IDENTITY[sdk=iphoneos*]" = "iPhone Developer";
				COPY_PHASE_STRIP = NO;
				GCC_C_LANGUAGE_STANDARD = gnu99;
				GCC_DYNAMIC_NO_PIC = NO;
				GCC_OPTIMIZATION_LEVEL = 0;
				GCC_PREPROCESSOR_DEFINITIONS = (
					"DEBUG=1",
					"$(inherited)",
				);
				GCC_SYMBOLS_PRIVATE_EXTERN = NO;
				GCC_WARN_64_TO_32_BIT_CONVERSION = YES;
				GCC_WARN_ABOUT_RETURN_TYPE = YES_ERROR;
				GCC_WARN_UNDECLARED_SELECTOR = YES;
				GCC_WARN_UNINITIALIZED_AUTOS = YES;
				GCC_WARN_UNUSED_FUNCTION = YES;
				GCC_WARN_UNUSED_VARIABLE = YES;
				IPHONEOS_DEPLOYMENT_TARGET = 7.0;
				ONLY_ACTIVE_ARCH = YES;
				SDKROOT = iphoneos;
			};
			name = Debug;
		};
		00BC862E18B6DDBB004ACF71 /* Release */ = {
			isa = XCBuildConfiguration;
			buildSettings = {
				ALWAYS_SEARCH_USER_PATHS = NO;
				ARCHS = "$(ARCHS_STANDARD_INCLUDING_64_BIT)";
				CLANG_CXX_LANGUAGE_STANDARD = "gnu++0x";
				CLANG_CXX_LIBRARY = "libc++";
				CLANG_ENABLE_MODULES = YES;
				CLANG_ENABLE_OBJC_ARC = YES;
				CLANG_WARN_BOOL_CONVERSION = YES;
				CLANG_WARN_CONSTANT_CONVERSION = YES;
				CLANG_WARN_DIRECT_OBJC_ISA_USAGE = YES_ERROR;
				CLANG_WARN_EMPTY_BODY = YES;
				CLANG_WARN_ENUM_CONVERSION = YES;
				CLANG_WARN_INT_CONVERSION = YES;
				CLANG_WARN_OBJC_ROOT_CLASS = YES_ERROR;
				CLANG_WARN__DUPLICATE_METHOD_MATCH = YES;
				"CODE_SIGN_IDENTITY[sdk=iphoneos*]" = "iPhone Developer";
				COPY_PHASE_STRIP = YES;
				ENABLE_NS_ASSERTIONS = NO;
				GCC_C_LANGUAGE_STANDARD = gnu99;
				GCC_WARN_64_TO_32_BIT_CONVERSION = YES;
				GCC_WARN_ABOUT_RETURN_TYPE = YES_ERROR;
				GCC_WARN_UNDECLARED_SELECTOR = YES;
				GCC_WARN_UNINITIALIZED_AUTOS = YES;
				GCC_WARN_UNUSED_FUNCTION = YES;
				GCC_WARN_UNUSED_VARIABLE = YES;
				IPHONEOS_DEPLOYMENT_TARGET = 7.0;
				SDKROOT = iphoneos;
				VALIDATE_PRODUCT = YES;
			};
			name = Release;
		};
		00BC863018B6DDBB004ACF71 /* Debug */ = {
			isa = XCBuildConfiguration;
			buildSettings = {
				ASSETCATALOG_COMPILER_APPICON_NAME = AppIcon;
				ASSETCATALOG_COMPILER_LAUNCHIMAGE_NAME = LaunchImage;
				GCC_PRECOMPILE_PREFIX_HEADER = YES;
				GCC_PREFIX_HEADER = "CityPlist/CityPlist-Prefix.pch";
				INFOPLIST_FILE = "CityPlist/CityPlist-Info.plist";
				PRODUCT_NAME = "$(TARGET_NAME)";
				WRAPPER_EXTENSION = app;
			};
			name = Debug;
		};
		00BC863118B6DDBB004ACF71 /* Release */ = {
			isa = XCBuildConfiguration;
			buildSettings = {
				ASSETCATALOG_COMPILER_APPICON_NAME = AppIcon;
				ASSETCATALOG_COMPILER_LAUNCHIMAGE_NAME = LaunchImage;
				GCC_PRECOMPILE_PREFIX_HEADER = YES;
				GCC_PREFIX_HEADER = "CityPlist/CityPlist-Prefix.pch";
				INFOPLIST_FILE = "CityPlist/CityPlist-Info.plist";
				PRODUCT_NAME = "$(TARGET_NAME)";
				WRAPPER_EXTENSION = app;
			};
			name = Release;
		};
		00BC863318B6DDBB004ACF71 /* Debug */ = {
			isa = XCBuildConfiguration;
			buildSettings = {
				ARCHS = "$(ARCHS_STANDARD_INCLUDING_64_BIT)";
				BUNDLE_LOADER = "$(BUILT_PRODUCTS_DIR)/CityPlist.app/CityPlist";
				FRAMEWORK_SEARCH_PATHS = (
					"$(SDKROOT)/Developer/Library/Frameworks",
					"$(inherited)",
					"$(DEVELOPER_FRAMEWORKS_DIR)",
				);
				GCC_PRECOMPILE_PREFIX_HEADER = YES;
				GCC_PREFIX_HEADER = "CityPlist/CityPlist-Prefix.pch";
				GCC_PREPROCESSOR_DEFINITIONS = (
					"DEBUG=1",
					"$(inherited)",
				);
				INFOPLIST_FILE = "CityPlistTests/CityPlistTests-Info.plist";
				PRODUCT_NAME = "$(TARGET_NAME)";
				TEST_HOST = "$(BUNDLE_LOADER)";
				WRAPPER_EXTENSION = xctest;
			};
			name = Debug;
		};
		00BC863418B6DDBB004ACF71 /* Release */ = {
			isa = XCBuildConfiguration;
			buildSettings = {
				ARCHS = "$(ARCHS_STANDARD_INCLUDING_64_BIT)";
				BUNDLE_LOADER = "$(BUILT_PRODUCTS_DIR)/CityPlist.app/CityPlist";
				FRAMEWORK_SEARCH_PATHS = (
					"$(SDKROOT)/Developer/Library/Frameworks",
					"$(inherited)",
					"$(DEVELOPER_FRAMEWORKS_DIR)",
				);
				GCC_PRECOMPILE_PREFIX_HEADER = YES;
				GCC_PREFIX_HEADER = "CityPlist/CityPlist-Prefix.pch";
				INFOPLIST_FILE = "CityPlistTests/CityPlistTests-Info.plist";
				PRODUCT_NAME = "$(TARGET_NAME)";
				TEST_HOST = "$(BUNDLE_LOADER)";
				WRAPPER_EXTENSION = xctest;
			};
			name = Release;
		};
/* End XCBuildConfiguration section */

/* Begin XCConfigurationList section */
		00BC85FE18B6DDBA004ACF71 /* Build configuration list for PBXProject "CityPlist" */ = {
			isa = XCConfigurationList;
			buildConfigurations = (
				00BC862D18B6DDBB004ACF71 /* Debug */,
				00BC862E18B6DDBB004ACF71 /* Release */,
			);
			defaultConfigurationIsVisible = 0;
			defaultConfigurationName = Release;
		};
		00BC862F18B6DDBB004ACF71 /* Build configuration list for PBXNativeTarget "CityPlist" */ = {
			isa = XCConfigurationList;
			buildConfigurations = (
				00BC863018B6DDBB004ACF71 /* Debug */,
				00BC863118B6DDBB004ACF71 /* Release */,
			);
			defaultConfigurationIsVisible = 0;
		};
		00BC863218B6DDBB004ACF71 /* Build configuration list for PBXNativeTarget "CityPlistTests" */ = {
			isa = XCConfigurationList;
			buildConfigurations = (
				00BC863318B6DDBB004ACF71 /* Debug */,
				00BC863418B6DDBB004ACF71 /* Release */,
			);
			defaultConfigurationIsVisible = 0;
		};
/* End XCConfigurationList section */
	};
	rootObject = 00BC85FB18B6DDBA004ACF71 /* Project object */;
}
